
Microsoft Visual Studio Solution File, Format Version 12.00
# Visual Studio Version 17
VisualStudioVersion = 17.8.34601.278
MinimumVisualStudioVersion = 10.0.40219.1
Project("{FAE04EC0-301F-11D3-BF4B-00C04F79EFBC}") = "Priority Queue", "Priority Queue.csproj", "{ED847291-68C7-481A-888E-6EBC8259DD28}"
EndProject
Project("{FAE04EC0-301F-11D3-BF4B-00C04F79EFBC}") = "Clone a Queue Without Using Extra Space", "..\Clone a Queue Without Using Extra Space\Clone a Queue Without Using Extra Space.csproj", "{0D3E6EA7-C910-4FEB-AAC6-B065082E43BD}"
EndProject
Global
	GlobalSection(SolutionConfigurationPlatforms) = preSolution
		Debug|Any CPU = Debug|Any CPU
		Release|Any CPU = Release|Any CPU
	EndGlobalSection
	GlobalSection(ProjectConfigurationPlatforms) = postSolution
		{ED847291-68C7-481A-888E-6EBC8259DD28}.Debug|Any CPU.ActiveCfg = Debug|Any CPU
		{ED847291-68C7-481A-888E-6EBC8259DD28}.Debug|Any CPU.Build.0 = Debug|Any CPU
		{ED847291-68C7-481A-888E-6EBC8259DD28}.Release|Any CPU.ActiveCfg = Release|Any CPU
		{ED847291-68C7-481A-888E-6EBC8259DD28}.Release|Any CPU.Build.0 = Release|Any CPU
		{0D3E6EA7-C910-4FEB-AAC6-B065082E43BD}.Debug|Any CPU.ActiveCfg = Debug|Any CPU
		{0D3E6EA7-C910-4FEB-AAC6-B065082E43BD}.Debug|Any CPU.Build.0 = Debug|Any CPU
		{0D3E6EA7-C910-4FEB-AAC6-B065082E43BD}.Release|Any CPU.ActiveCfg = Release|Any CPU
		{0D3E6EA7-C910-4FEB-AAC6-B065082E43BD}.Release|Any CPU.Build.0 = Release|Any CPU
	EndGlobalSection
	GlobalSection(SolutionProperties) = preSolution
		HideSolutionNode = FALSE
	EndGlobalSection
	GlobalSection(ExtensibilityGlobals) = postSolution
		SolutionGuid = {E1206E7C-B3D6-4DE0-8067-9A8B00A5A73C}
	EndGlobalSection
EndGlobal
